
Microsoft Visual Studio Solution File, Format Version 12.00
# Visual Studio 14
VisualStudioVersion = 14.0.25420.1
MinimumVisualStudioVersion = 10.0.40219.1
Project("{FAE04EC0-301F-11D3-BF4B-00C04F79EFBC}") = "Lenoard.Core", "src\Lenoard.Core.csproj", "{63D51A98-E717-4442-BACC-0CC6B1863CED}"
EndProject
Project("{2150E333-8FDC-42A3-9474-1A3956D46DE8}") = "Solution Items", "Solution Items", "{DF059096-5B39-4118-8E1B-0062FD7CEA5A}"
	ProjectSection(SolutionItems) = preProject
		global.json = global.json
		GlobalAssemblyInfo.cs = GlobalAssemblyInfo.cs
		Lenoard.snk = Lenoard.snk
	EndProjectSection
EndProject
Project("{FAE04EC0-301F-11D3-BF4B-00C04F79EFBC}") = "Lenoard.Core.UnitTests", "test\Lenoard.Core.UnitTests.csproj", "{07F7514B-15FA-4ABE-B69E-CA8012B89EAA}"
EndProject
Project("{8BB2217D-0F2D-49D1-97BC-3654ED321F3B}") = "Lenoard.Core.netcore", "netcore\Lenoard.Core\Lenoard.Core.netcore.xproj", "{14A456B8-C2B0-45C9-8005-956FD28F27D9}"
EndProject
Project("{8BB2217D-0F2D-49D1-97BC-3654ED321F3B}") = "Lenoard.Core.UnitTests.netcore", "netcore\Lenoard.Core.UnitTests\Lenoard.Core.UnitTests.netcore.xproj", "{67855666-C940-414A-A40F-82CC255B4A9A}"
EndProject
Project("{2150E333-8FDC-42A3-9474-1A3956D46DE8}") = "Core", "Core", "{17C06A99-6B4A-4F23-92BD-1EE8292DC7E6}"
EndProject
Project("{2150E333-8FDC-42A3-9474-1A3956D46DE8}") = "UnitTests", "UnitTests", "{366F8150-14EF-46CF-A54A-86C610F29308}"
EndProject
Global
	GlobalSection(SolutionConfigurationPlatforms) = preSolution
		Debug|Any CPU = Debug|Any CPU
		Release|Any CPU = Release|Any CPU
	EndGlobalSection
	GlobalSection(ProjectConfigurationPlatforms) = postSolution
		{63D51A98-E717-4442-BACC-0CC6B1863CED}.Debug|Any CPU.ActiveCfg = Debug|Any CPU
		{63D51A98-E717-4442-BACC-0CC6B1863CED}.Debug|Any CPU.Build.0 = Debug|Any CPU
		{63D51A98-E717-4442-BACC-0CC6B1863CED}.Release|Any CPU.ActiveCfg = Release|Any CPU
		{63D51A98-E717-4442-BACC-0CC6B1863CED}.Release|Any CPU.Build.0 = Release|Any CPU
		{07F7514B-15FA-4ABE-B69E-CA8012B89EAA}.Debug|Any CPU.ActiveCfg = Debug|Any CPU
		{07F7514B-15FA-4ABE-B69E-CA8012B89EAA}.Debug|Any CPU.Build.0 = Debug|Any CPU
		{07F7514B-15FA-4ABE-B69E-CA8012B89EAA}.Release|Any CPU.ActiveCfg = Release|Any CPU
		{07F7514B-15FA-4ABE-B69E-CA8012B89EAA}.Release|Any CPU.Build.0 = Release|Any CPU
		{14A456B8-C2B0-45C9-8005-956FD28F27D9}.Debug|Any CPU.ActiveCfg = Debug|Any CPU
		{14A456B8-C2B0-45C9-8005-956FD28F27D9}.Debug|Any CPU.Build.0 = Debug|Any CPU
		{14A456B8-C2B0-45C9-8005-956FD28F27D9}.Release|Any CPU.ActiveCfg = Release|Any CPU
		{14A456B8-C2B0-45C9-8005-956FD28F27D9}.Release|Any CPU.Build.0 = Release|Any CPU
		{67855666-C940-414A-A40F-82CC255B4A9A}.Debug|Any CPU.ActiveCfg = Debug|Any CPU
		{67855666-C940-414A-A40F-82CC255B4A9A}.Debug|Any CPU.Build.0 = Debug|Any CPU
		{67855666-C940-414A-A40F-82CC255B4A9A}.Release|Any CPU.ActiveCfg = Release|Any CPU
		{67855666-C940-414A-A40F-82CC255B4A9A}.Release|Any CPU.Build.0 = Release|Any CPU
	EndGlobalSection
	GlobalSection(SolutionProperties) = preSolution
		HideSolutionNode = FALSE
	EndGlobalSection
	GlobalSection(NestedProjects) = preSolution
		{63D51A98-E717-4442-BACC-0CC6B1863CED} = {17C06A99-6B4A-4F23-92BD-1EE8292DC7E6}
		{07F7514B-15FA-4ABE-B69E-CA8012B89EAA} = {366F8150-14EF-46CF-A54A-86C610F29308}
		{14A456B8-C2B0-45C9-8005-956FD28F27D9} = {17C06A99-6B4A-4F23-92BD-1EE8292DC7E6}
		{67855666-C940-414A-A40F-82CC255B4A9A} = {366F8150-14EF-46CF-A54A-86C610F29308}
	EndGlobalSection
EndGlobal
